// !$*UTF8*$!
{
	archiveVersion = 1;
	classes = {
	};
	objectVersion = 46;
	objects = {

/* Begin PBXBuildFile section */
		050D93391F0AEDA60098215E /* AppDelegate.swift in Sources */ = {isa = PBXBuildFile; fileRef = 050D93381F0AEDA60098215E /* AppDelegate.swift */; };
		050D933B1F0AEDA60098215E /* ViewController.swift in Sources */ = {isa = PBXBuildFile; fileRef = 050D933A1F0AEDA60098215E /* ViewController.swift */; };
		050D933E1F0AEDA60098215E /* Main.storyboard in Resources */ = {isa = PBXBuildFile; fileRef = 050D933C1F0AEDA60098215E /* Main.storyboard */; };
		050D93401F0AEDA60098215E /* Assets.xcassets in Resources */ = {isa = PBXBuildFile; fileRef = 050D933F1F0AEDA60098215E /* Assets.xcassets */; };
		050D93431F0AEDA60098215E /* LaunchScreen.storyboard in Resources */ = {isa = PBXBuildFile; fileRef = 050D93411F0AEDA60098215E /* LaunchScreen.storyboard */; };
		F7D397BE9D73C00AF7D03AAE /* Pods_LAMO.framework in Frameworks */ = {isa = PBXBuildFile; fileRef = 61D215318AD04A20F9454109 /* Pods_LAMO.framework */; };
/* End PBXBuildFile section */

/* Begin PBXFileReference section */
		050D93351F0AEDA60098215E /* LAMO.app */ = {isa = PBXFileReference; explicitFileType = wrapper.application; includeInIndex = 0; path = LAMO.app; sourceTree = BUILT_PRODUCTS_DIR; };
		050D93381F0AEDA60098215E /* AppDelegate.swift */ = {isa = PBXFileReference; lastKnownFileType = sourcecode.swift; path = AppDelegate.swift; sourceTree = "<group>"; };
		050D933A1F0AEDA60098215E /* ViewController.swift */ = {isa = PBXFileReference; lastKnownFileType = sourcecode.swift; path = ViewController.swift; sourceTree = "<group>"; };
		050D933D1F0AEDA60098215E /* Base */ = {isa = PBXFileReference; lastKnownFileType = file.storyboard; name = Base; path = Base.lproj/Main.storyboard; sourceTree = "<group>"; };
		050D933F1F0AEDA60098215E /* Assets.xcassets */ = {isa = PBXFileReference; lastKnownFileType = folder.assetcatalog; path = Assets.xcassets; sourceTree = "<group>"; };
		050D93421F0AEDA60098215E /* Base */ = {isa = PBXFileReference; lastKnownFileType = file.storyboard; name = Base; path = Base.lproj/LaunchScreen.storyboard; sourceTree = "<group>"; };
		050D93441F0AEDA60098215E /* Info.plist */ = {isa = PBXFileReference; lastKnownFileType = text.plist.xml; path = Info.plist; sourceTree = "<group>"; };
		61D215318AD04A20F9454109 /* Pods_LAMO.framework */ = {isa = PBXFileReference; explicitFileType = wrapper.framework; includeInIndex = 0; path = Pods_LAMO.framework; sourceTree = BUILT_PRODUCTS_DIR; };
		C8730E02517D02403C3DDD24 /* Pods-LAMO.release.xcconfig */ = {isa = PBXFileReference; includeInIndex = 1; lastKnownFileType = text.xcconfig; name = "Pods-LAMO.release.xcconfig"; path = "Pods/Target Support Files/Pods-LAMO/Pods-LAMO.release.xcconfig"; sourceTree = "<group>"; };
		DEB14B3B95ECB5279EEA2E3F /* Pods-LAMO.debug.xcconfig */ = {isa = PBXFileReference; includeInIndex = 1; lastKnownFileType = text.xcconfig; name = "Pods-LAMO.debug.xcconfig"; path = "Pods/Target Support Files/Pods-LAMO/Pods-LAMO.debug.xcconfig"; sourceTree = "<group>"; };
/* End PBXFileReference section */

/* Begin PBXFrameworksBuildPhase section */
		050D93321F0AEDA60098215E /* Frameworks */ = {
			isa = PBXFrameworksBuildPhase;
			buildActionMask = 2147483647;
			files = (
				F7D397BE9D73C00AF7D03AAE /* Pods_LAMO.framework in Frameworks */,
			);
			runOnlyForDeploymentPostprocessing = 0;
		};
/* End PBXFrameworksBuildPhase section */

/* Begin PBXGroup section */
		050D932C1F0AEDA60098215E = {
			isa = PBXGroup;
			children = (
				050D93371F0AEDA60098215E /* LAMO */,
				050D93361F0AEDA60098215E /* Products */,
				DB843FD13BB7296B424534CA /* Pods */,
				7F3B74472340D17ADD622FFE /* Frameworks */,
			);
			sourceTree = "<group>";
		};
		050D93361F0AEDA60098215E /* Products */ = {
			isa = PBXGroup;
			children = (
				050D93351F0AEDA60098215E /* LAMO.app */,
			);
			name = Products;
			sourceTree = "<group>";
		};
		050D93371F0AEDA60098215E /* LAMO */ = {
			isa = PBXGroup;
			children = (
				050D93381F0AEDA60098215E /* AppDelegate.swift */,
				050D933A1F0AEDA60098215E /* ViewController.swift */,
				050D933C1F0AEDA60098215E /* Main.storyboard */,
				050D933F1F0AEDA60098215E /* Assets.xcassets */,
				050D93411F0AEDA60098215E /* LaunchScreen.storyboard */,
				050D93441F0AEDA60098215E /* Info.plist */,
			);
			path = LAMO;
			sourceTree = "<group>";
		};
		7F3B74472340D17ADD622FFE /* Frameworks */ = {
			isa = PBXGroup;
			children = (
				61D215318AD04A20F9454109 /* Pods_LAMO.framework */,
			);
			name = Frameworks;
			sourceTree = "<group>";
		};
		DB843FD13BB7296B424534CA /* Pods */ = {
			isa = PBXGroup;
			children = (
				DEB14B3B95ECB5279EEA2E3F /* Pods-LAMO.debug.xcconfig */,
				C8730E02517D02403C3DDD24 /* Pods-LAMO.release.xcconfig */,
			);
			name = Pods;
			sourceTree = "<group>";
		};
/* End PBXGroup section */

/* Begin PBXNativeTarget section */
		050D93341F0AEDA60098215E /* LAMO */ = {
			isa = PBXNativeTarget;
			buildConfigurationList = 050D93471F0AEDA60098215E /* Build configuration list for PBXNativeTarget "LAMO" */;
			buildPhases = (
				FBFCA783DC439B0E547D7026 /* [CP] Check Pods Manifest.lock */,
				050D93311F0AEDA60098215E /* Sources */,
				050D93321F0AEDA60098215E /* Frameworks */,
				050D93331F0AEDA60098215E /* Resources */,
				CB270D3AC68C65C835F4C559 /* [CP] Embed Pods Frameworks */,
				0BFC28FDB11530848B119507 /* [CP] Copy Pods Resources */,
			);
			buildRules = (
			);
			dependencies = (
			);
			name = LAMO;
			productName = LAMO;
			productReference = 050D93351F0AEDA60098215E /* LAMO.app */;
			productType = "com.apple.product-type.application";
		};
/* End PBXNativeTarget section */

/* Begin PBXProject section */
		050D932D1F0AEDA60098215E /* Project object */ = {
			isa = PBXProject;
			attributes = {
				LastSwiftUpdateCheck = 0830;
				LastUpgradeCheck = 0830;
				ORGANIZATIONNAME = "Make School";
				TargetAttributes = {
					050D93341F0AEDA60098215E = {
						CreatedOnToolsVersion = 8.3.3;
						ProvisioningStyle = Automatic;
					};
				};
			};
			buildConfigurationList = 050D93301F0AEDA60098215E /* Build configuration list for PBXProject "LAMO" */;
			compatibilityVersion = "Xcode 3.2";
			developmentRegion = English;
			hasScannedForEncodings = 0;
			knownRegions = (
				en,
				Base,
			);
			mainGroup = 050D932C1F0AEDA60098215E;
			productRefGroup = 050D93361F0AEDA60098215E /* Products */;
			projectDirPath = "";
			projectRoot = "";
			targets = (
				050D93341F0AEDA60098215E /* LAMO */,
			);
		};
/* End PBXProject section */

/* Begin PBXResourcesBuildPhase section */
		050D93331F0AEDA60098215E /* Resources */ = {
			isa = PBXResourcesBuildPhase;
			buildActionMask = 2147483647;
			files = (
				050D93431F0AEDA60098215E /* LaunchScreen.storyboard in Resources */,
				050D93401F0AEDA60098215E /* Assets.xcassets in Resources */,
				050D933E1F0AEDA60098215E /* Main.storyboard in Resources */,
			);
			runOnlyForDeploymentPostprocessing = 0;
		};
/* End PBXResourcesBuildPhase section */

/* Begin PBXShellScriptBuildPhase section */
		0BFC28FDB11530848B119507 /* [CP] Copy Pods Resources */ = {
			isa = PBXShellScriptBuildPhase;
			buildActionMask = 2147483647;
			files = (
			);
			inputPaths = (
			);
			name = "[CP] Copy Pods Resources";
			outputPaths = (
			);
			runOnlyForDeploymentPostprocessing = 0;
			shellPath = /bin/sh;
			shellScript = "\"${SRCROOT}/Pods/Target Support Files/Pods-LAMO/Pods-LAMO-resources.sh\"\n";
			showEnvVarsInLog = 0;
		};
		CB270D3AC68C65C835F4C559 /* [CP] Embed Pods Frameworks */ = {
			isa = PBXShellScriptBuildPhase;
			buildActionMask = 2147483647;
			files = (
			);
			inputPaths = (
			);
			name = "[CP] Embed Pods Frameworks";
			outputPaths = (
			);
			runOnlyForDeploymentPostprocessing = 0;
			shellPath = /bin/sh;
			shellScript = "\"${SRCROOT}/Pods/Target Support Files/Pods-LAMO/Pods-LAMO-frameworks.sh\"\n";
			showEnvVarsInLog = 0;
		};
		FBFCA783DC439B0E547D7026 /* [CP] Check Pods Manifest.lock */ = {
			isa = PBXShellScriptBuildPhase;
			buildActionMask = 2147483647;
			files = (
			);
			inputPaths = (
			);
			name = "[CP] Check Pods Manifest.lock";
			outputPaths = (
			);
			runOnlyForDeploymentPostprocessing = 0;
			shellPath = /bin/sh;
			shellScript = "diff \"${PODS_PODFILE_DIR_PATH}/Podfile.lock\" \"${PODS_ROOT}/Manifest.lock\" > /dev/null\nif [ $? != 0 ] ; then\n    # print error to STDERR\n    echo \"error: The sandbox is not in sync with the Podfile.lock. Run 'pod install' or update your CocoaPods installation.\" >&2\n    exit 1\nfi\n";
			showEnvVarsInLog = 0;
		};
/* End PBXShellScriptBuildPhase section */

/* Begin PBXSourcesBuildPhase section */
		050D93311F0AEDA60098215E /* Sources */ = {
			isa = PBXSourcesBuildPhase;
			buildActionMask = 2147483647;
			files = (
				050D933B1F0AEDA60098215E /* ViewController.swift in Sources */,
				050D93391F0AEDA60098215E /* AppDelegate.swift in Sources */,
			);
			runOnlyForDeploymentPostprocessing = 0;
		};
/* End PBXSourcesBuildPhase section */

/* Begin PBXVariantGroup section */
		050D933C1F0AEDA60098215E /* Main.storyboard */ = {
			isa = PBXVariantGroup;
			children = (
				050D933D1F0AEDA60098215E /* Base */,
			);
			name = Main.storyboard;
			sourceTree = "<group>";
		};
		050D93411F0AEDA60098215E /* LaunchScreen.storyboard */ = {
			isa = PBXVariantGroup;
			children = (
				050D93421F0AEDA60098215E /* Base */,
			);
			name = LaunchScreen.storyboard;
			sourceTree = "<group>";
		};
/* End PBXVariantGroup section */

/* Begin XCBuildConfiguration section */
		050D93451F0AEDA60098215E /* Debug */ = {
			isa = XCBuildConfiguration;
			buildSettings = {
				ALWAYS_SEARCH_USER_PATHS = NO;
				CLANG_ANALYZER_NONNULL = YES;
				CLANG_ANALYZER_NUMBER_OBJECT_CONVERSION = YES_AGGRESSIVE;
				CLANG_CXX_LANGUAGE_STANDARD = "gnu++0x";
				CLANG_CXX_LIBRARY = "libc++";
				CLANG_ENABLE_MODULES = YES;
				CLANG_ENABLE_OBJC_ARC = YES;
				CLANG_WARN_BOOL_CONVERSION = YES;
				CLANG_WARN_CONSTANT_CONVERSION = YES;
				CLANG_WARN_DIRECT_OBJC_ISA_USAGE = YES_ERROR;
				CLANG_WARN_DOCUMENTATION_COMMENTS = YES;
				CLANG_WARN_EMPTY_BODY = YES;
				CLANG_WARN_ENUM_CONVERSION = YES;
				CLANG_WARN_INFINITE_RECURSION = YES;
				CLANG_WARN_INT_CONVERSION = YES;
				CLANG_WARN_OBJC_ROOT_CLASS = YES_ERROR;
				CLANG_WARN_SUSPICIOUS_MOVE = YES;
				CLANG_WARN_UNREACHABLE_CODE = YES;
				CLANG_WARN__DUPLICATE_METHOD_MATCH = YES;
				"CODE_SIGN_IDENTITY[sdk=iphoneos*]" = "iPhone Developer";
				COPY_PHASE_STRIP = NO;
				DEBUG_INFORMATION_FORMAT = dwarf;
				ENABLE_STRICT_OBJC_MSGSEND = YES;
				ENABLE_TESTABILITY = YES;
				GCC_C_LANGUAGE_STANDARD = gnu99;
				GCC_DYNAMIC_NO_PIC = NO;
				GCC_NO_COMMON_BLOCKS = YES;
				GCC_OPTIMIZATION_LEVEL = 0;
				GCC_PREPROCESSOR_DEFINITIONS = (
					"DEBUG=1",
					"$(inherited)",
				);
				GCC_WARN_64_TO_32_BIT_CONVERSION = YES;
				GCC_WARN_ABOUT_RETURN_TYPE = YES_ERROR;
				GCC_WARN_UNDECLARED_SELECTOR = YES;
				GCC_WARN_UNINITIALIZED_AUTOS = YES_AGGRESSIVE;
				GCC_WARN_UNUSED_FUNCTION = YES;
				GCC_WARN_UNUSED_VARIABLE = YES;
				IPHONEOS_DEPLOYMENT_TARGET = 10.3;
				MTL_ENABLE_DEBUG_INFO = YES;
				ONLY_ACTIVE_ARCH = YES;
				SDKROOT = iphoneos;
				SWIFT_ACTIVE_COMPILATION_CONDITIONS = DEBUG;
				SWIFT_OPTIMIZATION_LEVEL = "-Onone";
			};
			name = Debug;
		};
		050D93461F0AEDA60098215E /* Release */ = {
			isa = XCBuildConfiguration;
			buildSettings = {
				ALWAYS_SEARCH_USER_PATHS = NO;
				CLANG_ANALYZER_NONNULL = YES;
				CLANG_ANALYZER_NUMBER_OBJECT_CONVERSION = YES_AGGRESSIVE;
				CLANG_CXX_LANGUAGE_STANDARD = "gnu++0x";
				CLANG_CXX_LIBRARY = "libc++";
				CLANG_ENABLE_MODULES = YES;
				CLANG_ENABLE_OBJC_ARC = YES;
				CLANG_WARN_BOOL_CONVERSION = YES;
				CLANG_WARN_CONSTANT_CONVERSION = YES;
				CLANG_WARN_DIRECT_OBJC_ISA_USAGE = YES_ERROR;
				CLANG_WARN_DOCUMENTATION_COMMENTS = YES;
				CLANG_WARN_EMPTY_BODY = YES;
				CLANG_WARN_ENUM_CONVERSION = YES;
				CLANG_WARN_INFINITE_RECURSION = YES;
				CLANG_WARN_INT_CONVERSION = YES;
				CLANG_WARN_OBJC_ROOT_CLASS = YES_ERROR;
				CLANG_WARN_SUSPICIOUS_MOVE = YES;
				CLANG_WARN_UNREACHABLE_CODE = YES;
				CLANG_WARN__DUPLICATE_METHOD_MATCH = YES;
				"CODE_SIGN_IDENTITY[sdk=iphoneos*]" = "iPhone Developer";
				COPY_PHASE_STRIP = NO;
				DEBUG_INFORMATION_FORMAT = "dwarf-with-dsym";
				ENABLE_NS_ASSERTIONS = NO;
				ENABLE_STRICT_OBJC_MSGSEND = YES;
				GCC_C_LANGUAGE_STANDARD = gnu99;
				GCC_NO_COMMON_BLOCKS = YES;
				GCC_WARN_64_TO_32_BIT_CONVERSION = YES;
				GCC_WARN_ABOUT_RETURN_TYPE = YES_ERROR;
				GCC_WARN_UNDECLARED_SELECTOR = YES;
				GCC_WARN_UNINITIALIZED_AUTOS = YES_AGGRESSIVE;
				GCC_WARN_UNUSED_FUNCTION = YES;
				GCC_WARN_UNUSED_VARIABLE = YES;
				IPHONEOS_DEPLOYMENT_TARGET = 10.3;
				MTL_ENABLE_DEBUG_INFO = NO;
				SDKROOT = iphoneos;
				SWIFT_OPTIMIZATION_LEVEL = "-Owholemodule";
				VALIDATE_PRODUCT = YES;
			};
			name = Release;
		};
		050D93481F0AEDA60098215E /* Debug */ = {
			isa = XCBuildConfiguration;
			baseConfigurationReference = DEB14B3B95ECB5279EEA2E3F /* Pods-LAMO.debug.xcconfig */;
			buildSettings = {
				ASSETCATALOG_COMPILER_APPICON_NAME = AppIcon;
				INFOPLIST_FILE = LAMO/Info.plist;
				LD_RUNPATH_SEARCH_PATHS = "$(inherited) @executable_path/Frameworks";
				PRODUCT_BUNDLE_IDENTIFIER = com.makeschool.LAMO;
				PRODUCT_NAME = "$(TARGET_NAME)";
				SWIFT_VERSION = 3.0;
			};
			name = Debug;
		};
		050D93491F0AEDA60098215E /* Release */ = {
			isa = XCBuildConfiguration;
			baseConfigurationReference = C8730E02517D02403C3DDD24 /* Pods-LAMO.release.xcconfig */;
			buildSettings = {
				ASSETCATALOG_COMPILER_APPICON_NAME = AppIcon;
				INFOPLIST_FILE = LAMO/Info.plist;
				LD_RUNPATH_SEARCH_PATHS = "$(inherited) @executable_path/Frameworks";
				PRODUCT_BUNDLE_IDENTIFIER = com.makeschool.LAMO;
				PRODUCT_NAME = "$(TARGET_NAME)";
				SWIFT_VERSION = 3.0;
			};
			name = Release;
		};
/* End XCBuildConfiguration section */

/* Begin XCConfigurationList section */
		050D93301F0AEDA60098215E /* Build configuration list for PBXProject "LAMO" */ = {
			isa = XCConfigurationList;
			buildConfigurations = (
				050D93451F0AEDA60098215E /* Debug */,
				050D93461F0AEDA60098215E /* Release */,
			);
			defaultConfigurationIsVisible = 0;
			defaultConfigurationName = Release;
		};
		050D93471F0AEDA60098215E /* Build configuration list for PBXNativeTarget "LAMO" */ = {
			isa = XCConfigurationList;
			buildConfigurations = (
				050D93481F0AEDA60098215E /* Debug */,
				050D93491F0AEDA60098215E /* Release */,
			);
			defaultConfigurationIsVisible = 0;
		};
/* End XCConfigurationList section */
	};
	rootObject = 050D932D1F0AEDA60098215E /* Project object */;
}
